
Microsoft Visual Studio Solution File, Format Version 12.00
# Visual Studio 15
VisualStudioVersion = 15.0.28010.2003
MinimumVisualStudioVersion = 10.0.40219.1
Project("{9A19103F-16F7-4668-BE54-9A1E7A4F7556}") = "Clients.API", "src\Services\Clients\Clients.API\Clients.API.csproj", "{BA53907C-06EE-4079-A6D7-9FDAB4F7D578}"
EndProject
Project("{2150E333-8FDC-42A3-9474-1A3956D46DE8}") = "src", "src", "{9C61A697-393B-47CB-BB92-DAE05CBBD826}"
EndProject
Project("{2150E333-8FDC-42A3-9474-1A3956D46DE8}") = "Solution items", "Solution items", "{6BDC7181-91F3-49AA-84CE-2309A89FF0D3}"
EndProject
Project("{2150E333-8FDC-42A3-9474-1A3956D46DE8}") = "Services", "Services", "{8ABBF447-1BDF-4A9E-B9ED-B04DD7BFF638}"
EndProject
Project("{2150E333-8FDC-42A3-9474-1A3956D46DE8}") = "Clients", "Clients", "{A9E12FF4-850F-4EBE-8D0F-8332B735A523}"
EndProject
Project("{9A19103F-16F7-4668-BE54-9A1E7A4F7556}") = "Clients.Domain", "src\Services\Clients\Clients.Domain\Clients.Domain.csproj", "{9560C654-8949-4A21-B8DA-2FEB7C290F78}"
EndProject
Project("{9A19103F-16F7-4668-BE54-9A1E7A4F7556}") = "Clients.Infrastructure", "src\Services\Clients\Clients.Infrastructure\Clients.Infrastructure.csproj", "{9AAC59FD-91C8-449B-9502-1C3C9C0320E1}"
EndProject
Project("{FAE04EC0-301F-11D3-BF4B-00C04F79EFBC}") = "Clients.BackgroundTasks", "src\Services\Clients\Clients.BackgroundTasks\Clients.BackgroundTasks.csproj", "{DED820A1-32D4-405F-834A-65E70F24BE1D}"
EndProject
Global
	GlobalSection(SolutionConfigurationPlatforms) = preSolution
		Debug|Any CPU = Debug|Any CPU
		Release|Any CPU = Release|Any CPU
	EndGlobalSection
	GlobalSection(ProjectConfigurationPlatforms) = postSolution
		{BA53907C-06EE-4079-A6D7-9FDAB4F7D578}.Debug|Any CPU.ActiveCfg = Debug|Any CPU
		{BA53907C-06EE-4079-A6D7-9FDAB4F7D578}.Debug|Any CPU.Build.0 = Debug|Any CPU
		{BA53907C-06EE-4079-A6D7-9FDAB4F7D578}.Release|Any CPU.ActiveCfg = Release|Any CPU
		{BA53907C-06EE-4079-A6D7-9FDAB4F7D578}.Release|Any CPU.Build.0 = Release|Any CPU
		{9560C654-8949-4A21-B8DA-2FEB7C290F78}.Debug|Any CPU.ActiveCfg = Debug|Any CPU
		{9560C654-8949-4A21-B8DA-2FEB7C290F78}.Debug|Any CPU.Build.0 = Debug|Any CPU
		{9560C654-8949-4A21-B8DA-2FEB7C290F78}.Release|Any CPU.ActiveCfg = Release|Any CPU
		{9560C654-8949-4A21-B8DA-2FEB7C290F78}.Release|Any CPU.Build.0 = Release|Any CPU
		{9AAC59FD-91C8-449B-9502-1C3C9C0320E1}.Debug|Any CPU.ActiveCfg = Debug|Any CPU
		{9AAC59FD-91C8-449B-9502-1C3C9C0320E1}.Debug|Any CPU.Build.0 = Debug|Any CPU
		{9AAC59FD-91C8-449B-9502-1C3C9C0320E1}.Release|Any CPU.ActiveCfg = Release|Any CPU
		{9AAC59FD-91C8-449B-9502-1C3C9C0320E1}.Release|Any CPU.Build.0 = Release|Any CPU
		{DED820A1-32D4-405F-834A-65E70F24BE1D}.Debug|Any CPU.ActiveCfg = Debug|Any CPU
		{DED820A1-32D4-405F-834A-65E70F24BE1D}.Debug|Any CPU.Build.0 = Debug|Any CPU
		{DED820A1-32D4-405F-834A-65E70F24BE1D}.Release|Any CPU.ActiveCfg = Release|Any CPU
		{DED820A1-32D4-405F-834A-65E70F24BE1D}.Release|Any CPU.Build.0 = Release|Any CPU
	EndGlobalSection
	GlobalSection(SolutionProperties) = preSolution
		HideSolutionNode = FALSE
	EndGlobalSection
	GlobalSection(NestedProjects) = preSolution
		{BA53907C-06EE-4079-A6D7-9FDAB4F7D578} = {A9E12FF4-850F-4EBE-8D0F-8332B735A523}
		{8ABBF447-1BDF-4A9E-B9ED-B04DD7BFF638} = {9C61A697-393B-47CB-BB92-DAE05CBBD826}
		{A9E12FF4-850F-4EBE-8D0F-8332B735A523} = {8ABBF447-1BDF-4A9E-B9ED-B04DD7BFF638}
		{9560C654-8949-4A21-B8DA-2FEB7C290F78} = {A9E12FF4-850F-4EBE-8D0F-8332B735A523}
		{9AAC59FD-91C8-449B-9502-1C3C9C0320E1} = {A9E12FF4-850F-4EBE-8D0F-8332B735A523}
		{DED820A1-32D4-405F-834A-65E70F24BE1D} = {A9E12FF4-850F-4EBE-8D0F-8332B735A523}
	EndGlobalSection
	GlobalSection(ExtensibilityGlobals) = postSolution
		SolutionGuid = {34B81F63-962C-42BC-82F0-DBC1A99AD4C0}
	EndGlobalSection
EndGlobal
